# PCPPR v4 scientific-object lock
freeze_id=PCPPR-THEORY-FREEZE-2026-10-03-v4
scientific_snapshot_head=d284225103839584011abc56c1d125aaa3e769fd
paper_tree=36cd0a1205eb300fa298b76df98a6ea279f3a85c
formal_tree=42ab9b66dde6ad3d632456ddd8a15eff6d58f505
references_tree=fef51e5316e764cacd3a44ff9ad259169e4ae2be
tables_tree=d10ef227e25be1b597aa1b15e6bf4b05ffebea2f
tests_tree=11b8ec704f126ecdf3004c46b12f3dff02c20b28
scripts_tree=fdc5f72692c8be74c8520faa18603eacb18e2d67
theory_freeze_blob=deecee47de383199b8d380e6f8eee74cd3761d2a
stage6_recert_blob=26350542060b1fe8eafbfbdc1acceba781cd9b08
stage75_recert_blob=88df8dc50ada412271691cbc5eafb0226e4da1cc
formal_addendum_blob=a66d16afcaf14514441711ec2d0dc49073a5f05e
independent_scientific_confirmation_blob=3d499969b7db00a3547272ac9dfe00f6a4dbb1ab
author_confirmation_blob=a14c5833be0cf1dd68e71be0401ca62038cc18ae
ai_provenance_blob=bc925124a0fd376a5724cad05402afa86d295b7b
mechanism_benchmark_blob=798857847e171d16c9d1e02cf36e47c580023e28
portability_results_blob=f58b96bc3a70ea25c40ce867b1425f9ba3186055
audit_repairs_blob=ba9e0ecefac81c0113336408b3fc9e69b662faf6
requirements_blob=9ba40b58d292e0557578426b1cae316906646206
makefile_blob=501aa7662fc750951d783a5e9366918883480e97
workflow_blob=2fa4ad6b4e53e2aad910f341c2f361f08a55098d
