# ERE Stage-15 scientific-object lock
base_commit=f0f86daa29bec6574cb4103050b1a18295928227
paper_tree=a182dff25ea115df209d354bb115d86ff62826da
formal_tree=44c9d7125367e3c24ece297afa83e631f1ee841d
references_tree=7798d5ddb4a1da718a2c6850e3f32bd97dfd1cce
tables_tree=de03d2414d186c1e768c38171608e68554401ba4
tests_tree=2c6a83d91867639f01268d88b41d5dcf849d0403
theory_freeze_blob=f4dbf487fdf859d175ec1a065ae6305ea4b4e1e1
