# PCPPR v3 scientific-object lock
freeze_id=PCPPR-THEORY-FREEZE-2026-10-02-v3
scientific_snapshot_head=a8e304301dfe72f94a2f81c9a3cde7f8292f1454
paper_tree=6d98d5d76fb3364f3eacc9bcfab9c775fed82aa0
formal_tree=42ab9b66dde6ad3d632456ddd8a15eff6d58f505
references_tree=168f92965f62c42a60495dc5859a37be6bc02689
tables_tree=d10ef227e25be1b597aa1b15e6bf4b05ffebea2f
tests_tree=11b8ec704f126ecdf3004c46b12f3dff02c20b28
scripts_tree=2597feaadbdad041a6b8da67a7278a12fe1a766b
theory_freeze_blob=39a3cf2482622ed7d04ff6cd160707854ea26911
mechanism_benchmark_blob=798857847e171d16c9d1e02cf36e47c580023e28
portability_results_blob=f58b96bc3a70ea25c40ce867b1425f9ba3186055
audit_repairs_blob=ba9e0ecefac81c0113336408b3fc9e69b662faf6
requirements_blob=9ba40b58d292e0557578426b1cae316906646206
makefile_blob=974d7e7f025deb23668683ac829f3f53aa197429
workflow_blob=2fa4ad6b4e53e2aad910f341c2f361f08a55098d
